// !$*UTF8*$!
{
	archiveVersion = 1;
	classes = {
	};
	objectVersion = 50;
	objects = {

/* Begin PBXBuildFile section */
		9146BA2C2122DEEF0018F8AA /* AppDelegate.swift in Sources */ = {isa = PBXBuildFile; fileRef = 9146BA2B2122DEEF0018F8AA /* AppDelegate.swift */; };
		9146BA2E2122DEEF0018F8AA /* ViewController.swift in Sources */ = {isa = PBXBuildFile; fileRef = 9146BA2D2122DEEF0018F8AA /* ViewController.swift */; };
		9146BAB0212AA6D60018F8AA /* LaunchScreen.storyboard in Resources */ = {isa = PBXBuildFile; fileRef = 9146BAAC212AA6D60018F8AA /* LaunchScreen.storyboard */; };
		9146BAB1212AA6D60018F8AA /* Main.storyboard in Resources */ = {isa = PBXBuildFile; fileRef = 9146BAAE212AA6D60018F8AA /* Main.storyboard */; };
		9146BAB8212AA8F60018F8AA /* ChooseUser.swift in Sources */ = {isa = PBXBuildFile; fileRef = 9146BAB7212AA8F60018F8AA /* ChooseUser.swift */; };
/* End PBXBuildFile section */

/* Begin PBXFileReference section */
		9146BA282122DEEF0018F8AA /* MC3.app */ = {isa = PBXFileReference; explicitFileType = wrapper.application; includeInIndex = 0; path = MC3.app; sourceTree = BUILT_PRODUCTS_DIR; };
		9146BA2B2122DEEF0018F8AA /* AppDelegate.swift */ = {isa = PBXFileReference; lastKnownFileType = sourcecode.swift; path = AppDelegate.swift; sourceTree = "<group>"; };
		9146BA2D2122DEEF0018F8AA /* ViewController.swift */ = {isa = PBXFileReference; lastKnownFileType = sourcecode.swift; path = ViewController.swift; sourceTree = "<group>"; };
		9146BA372122DEF40018F8AA /* Info.plist */ = {isa = PBXFileReference; lastKnownFileType = text.plist.xml; path = Info.plist; sourceTree = "<group>"; };
		9146BA88212AA6160018F8AA /* Assets.xcassets */ = {isa = PBXFileReference; lastKnownFileType = folder.assetcatalog; path = Assets.xcassets; sourceTree = "<group>"; };
		9146BAAD212AA6D60018F8AA /* Base */ = {isa = PBXFileReference; lastKnownFileType = file.storyboard; name = Base; path = Base.lproj/LaunchScreen.storyboard; sourceTree = "<group>"; };
		9146BAAF212AA6D60018F8AA /* Base */ = {isa = PBXFileReference; lastKnownFileType = file.storyboard; name = Base; path = Base.lproj/Main.storyboard; sourceTree = "<group>"; };
		9146BAB7212AA8F60018F8AA /* ChooseUser.swift */ = {isa = PBXFileReference; lastKnownFileType = sourcecode.swift; path = ChooseUser.swift; sourceTree = "<group>"; };
/* End PBXFileReference section */

/* Begin PBXFrameworksBuildPhase section */
		9146BA252122DEEF0018F8AA /* Frameworks */ = {
			isa = PBXFrameworksBuildPhase;
			buildActionMask = 2147483647;
			files = (
			);
			runOnlyForDeploymentPostprocessing = 0;
		};
/* End PBXFrameworksBuildPhase section */

/* Begin PBXGroup section */
		9146BA1F2122DEEF0018F8AA = {
			isa = PBXGroup;
			children = (
				9146BA2A2122DEEF0018F8AA /* MC3 */,
				9146BA292122DEEF0018F8AA /* Products */,
			);
			sourceTree = "<group>";
		};
		9146BA292122DEEF0018F8AA /* Products */ = {
			isa = PBXGroup;
			children = (
				9146BA282122DEEF0018F8AA /* MC3.app */,
			);
			name = Products;
			sourceTree = "<group>";
		};
		9146BA2A2122DEEF0018F8AA /* MC3 */ = {
			isa = PBXGroup;
			children = (
				9146BA402122DF470018F8AA /* Controller */,
				9146BA3E2122DF290018F8AA /* Model */,
				9146BA3F2122DF3B0018F8AA /* View */,
				9146BA372122DEF40018F8AA /* Info.plist */,
			);
			path = MC3;
			sourceTree = "<group>";
		};
		9146BA3E2122DF290018F8AA /* Model */ = {
			isa = PBXGroup;
			children = (
				9146BA88212AA6160018F8AA /* Assets.xcassets */,
			);
			path = Model;
			sourceTree = "<group>";
		};
		9146BA3F2122DF3B0018F8AA /* View */ = {
			isa = PBXGroup;
			children = (
				9146BAAB212AA6D60018F8AA /* View */,
			);
			path = View;
			sourceTree = "<group>";
		};
		9146BA402122DF470018F8AA /* Controller */ = {
			isa = PBXGroup;
			children = (
				9146BA6B212A9EFB0018F8AA /* request */,
				9146BA68212A9DE50018F8AA /* profile */,
				9146BA4B212A98850018F8AA /* home */,
				9146BA44212A979E0018F8AA /* login */,
				9146BA43212A97880018F8AA /* regis */,
				9146BA42212A97800018F8AA /* choose */,
				9146BA41212A97630018F8AA /* splash screen */,
				9146BA2B2122DEEF0018F8AA /* AppDelegate.swift */,
			);
			path = Controller;
			sourceTree = "<group>";
		};
		9146BA41212A97630018F8AA /* splash screen */ = {
			isa = PBXGroup;
			children = (
				9146BA2D2122DEEF0018F8AA /* ViewController.swift */,
			);
			path = "splash screen";
			sourceTree = "<group>";
		};
		9146BA42212A97800018F8AA /* choose */ = {
			isa = PBXGroup;
			children = (
				9146BAB7212AA8F60018F8AA /* ChooseUser.swift */,
			);
			path = choose;
			sourceTree = "<group>";
		};
		9146BA43212A97880018F8AA /* regis */ = {
			isa = PBXGroup;
			children = (
				9146BA47212A97E90018F8AA /* regis komunitas */,
				9146BA45212A97A50018F8AA /* regis donatur */,
			);
			path = regis;
			sourceTree = "<group>";
		};
		9146BA44212A979E0018F8AA /* login */ = {
			isa = PBXGroup;
			children = (
				9146BA4A212A98010018F8AA /* login komunitas */,
				9146BA48212A97F30018F8AA /* login donatur */,
			);
			path = login;
			sourceTree = "<group>";
		};
		9146BA45212A97A50018F8AA /* regis donatur */ = {
			isa = PBXGroup;
			children = (
			);
			path = "regis donatur";
			sourceTree = "<group>";
		};
		9146BA47212A97E90018F8AA /* regis komunitas */ = {
			isa = PBXGroup;
			children = (
			);
			path = "regis komunitas";
			sourceTree = "<group>";
		};
		9146BA48212A97F30018F8AA /* login donatur */ = {
			isa = PBXGroup;
			children = (
			);
			path = "login donatur";
			sourceTree = "<group>";
		};
		9146BA4A212A98010018F8AA /* login komunitas */ = {
			isa = PBXGroup;
			children = (
			);
			path = "login komunitas";
			sourceTree = "<group>";
		};
		9146BA4B212A98850018F8AA /* home */ = {
			isa = PBXGroup;
			children = (
				9146BA4D212A98C10018F8AA /* home komunitas */,
				9146BA4C212A98B80018F8AA /* home donatur */,
			);
			path = home;
			sourceTree = "<group>";
		};
		9146BA4C212A98B80018F8AA /* home donatur */ = {
			isa = PBXGroup;
			children = (
				9146BA4F212A99920018F8AA /* tampilan donasi donatur */,
			);
			path = "home donatur";
			sourceTree = "<group>";
		};
		9146BA4D212A98C10018F8AA /* home komunitas */ = {
			isa = PBXGroup;
			children = (
				9146BA5C212A9C200018F8AA /* jenis donasi */,
			);
			path = "home komunitas";
			sourceTree = "<group>";
		};
		9146BA4F212A99920018F8AA /* tampilan donasi donatur */ = {
			isa = PBXGroup;
			children = (
				9146BA53212A99C10018F8AA /* uang */,
				9146BA52212A99AA0018F8AA /* bahan makanan */,
				9146BA51212A99A20018F8AA /* minuman */,
				9146BA50212A999B0018F8AA /* makanan */,
			);
			path = "tampilan donasi donatur";
			sourceTree = "<group>";
		};
		9146BA50212A999B0018F8AA /* makanan */ = {
			isa = PBXGroup;
			children = (
				9146BA57212A9A0B0018F8AA /* deskripsi makanan */,
				9146BA54212A99CA0018F8AA /* jenis makanan */,
			);
			path = makanan;
			sourceTree = "<group>";
		};
		9146BA51212A99A20018F8AA /* minuman */ = {
			isa = PBXGroup;
			children = (
				9146BA58212A9A180018F8AA /* deskripsi minuman */,
				9146BA55212A99DE0018F8AA /* jenis minuman */,
			);
			path = minuman;
			sourceTree = "<group>";
		};
		9146BA52212A99AA0018F8AA /* bahan makanan */ = {
			isa = PBXGroup;
			children = (
				9146BA59212A9A240018F8AA /* deskripsi bahan makanan */,
				9146BA56212A99E80018F8AA /* jenis bahan makanan */,
			);
			path = "bahan makanan";
			sourceTree = "<group>";
		};
		9146BA53212A99C10018F8AA /* uang */ = {
			isa = PBXGroup;
			children = (
			);
			path = uang;
			sourceTree = "<group>";
		};
		9146BA54212A99CA0018F8AA /* jenis makanan */ = {
			isa = PBXGroup;
			children = (
			);
			path = "jenis makanan";
			sourceTree = "<group>";
		};
		9146BA55212A99DE0018F8AA /* jenis minuman */ = {
			isa = PBXGroup;
			children = (
			);
			path = "jenis minuman";
			sourceTree = "<group>";
		};
		9146BA56212A99E80018F8AA /* jenis bahan makanan */ = {
			isa = PBXGroup;
			children = (
			);
			path = "jenis bahan makanan";
			sourceTree = "<group>";
		};
		9146BA57212A9A0B0018F8AA /* deskripsi makanan */ = {
			isa = PBXGroup;
			children = (
			);
			path = "deskripsi makanan";
			sourceTree = "<group>";
		};
		9146BA58212A9A180018F8AA /* deskripsi minuman */ = {
			isa = PBXGroup;
			children = (
			);
			path = "deskripsi minuman";
			sourceTree = "<group>";
		};
		9146BA59212A9A240018F8AA /* deskripsi bahan makanan */ = {
			isa = PBXGroup;
			children = (
			);
			path = "deskripsi bahan makanan";
			sourceTree = "<group>";
		};
		9146BA5C212A9C200018F8AA /* jenis donasi */ = {
			isa = PBXGroup;
			children = (
				9146BA62212A9CAC0018F8AA /* makanan.p */,
				9146BA61212A9C650018F8AA /* uang.p */,
				9146BA60212A9C5D0018F8AA /* bahan makanan.p */,
				9146BA5F212A9C560018F8AA /* minuman.p */,
			);
			path = "jenis donasi";
			sourceTree = "<group>";
		};
		9146BA5F212A9C560018F8AA /* minuman.p */ = {
			isa = PBXGroup;
			children = (
				9146BA66212A9D830018F8AA /* list donatur minuman */,
			);
			path = minuman.p;
			sourceTree = "<group>";
		};
		9146BA60212A9C5D0018F8AA /* bahan makanan.p */ = {
			isa = PBXGroup;
			children = (
				9146BA65212A9D520018F8AA /* list donatur bahan makanan */,
			);
			path = "bahan makanan.p";
			sourceTree = "<group>";
		};
		9146BA61212A9C650018F8AA /* uang.p */ = {
			isa = PBXGroup;
			children = (
				9146BA64212A9D3D0018F8AA /* list donatur uang */,
			);
			path = uang.p;
			sourceTree = "<group>";
		};
		9146BA62212A9CAC0018F8AA /* makanan.p */ = {
			isa = PBXGroup;
			children = (
				9146BA63212A9D2F0018F8AA /* list donatur makanan */,
			);
			path = makanan.p;
			sourceTree = "<group>";
		};
		9146BA63212A9D2F0018F8AA /* list donatur makanan */ = {
			isa = PBXGroup;
			children = (
			);
			path = "list donatur makanan";
			sourceTree = "<group>";
		};
		9146BA64212A9D3D0018F8AA /* list donatur uang */ = {
			isa = PBXGroup;
			children = (
			);
			path = "list donatur uang";
			sourceTree = "<group>";
		};
		9146BA65212A9D520018F8AA /* list donatur bahan makanan */ = {
			isa = PBXGroup;
			children = (
			);
			path = "list donatur bahan makanan";
			sourceTree = "<group>";
		};
		9146BA66212A9D830018F8AA /* list donatur minuman */ = {
			isa = PBXGroup;
			children = (
			);
			path = "list donatur minuman";
			sourceTree = "<group>";
		};
		9146BA68212A9DE50018F8AA /* profile */ = {
			isa = PBXGroup;
			children = (
				9146BA6A212A9E1B0018F8AA /* profile komunitas */,
				9146BA69212A9DEE0018F8AA /* profile donatur */,
			);
			path = profile;
			sourceTree = "<group>";
		};
		9146BA69212A9DEE0018F8AA /* profile donatur */ = {
			isa = PBXGroup;
			children = (
			);
			path = "profile donatur";
			sourceTree = "<group>";
		};
		9146BA6A212A9E1B0018F8AA /* profile komunitas */ = {
			isa = PBXGroup;
			children = (
			);
			path = "profile komunitas";
			sourceTree = "<group>";
		};
		9146BA6B212A9EFB0018F8AA /* request */ = {
			isa = PBXGroup;
			children = (
				9146BA6E212A9FA50018F8AA /* request komunitas */,
				9146BA6D212A9F990018F8AA /* request donatur */,
			);
			path = request;
			sourceTree = "<group>";
		};
		9146BA6D212A9F990018F8AA /* request donatur */ = {
			isa = PBXGroup;
			children = (
			);
			path = "request donatur";
			sourceTree = "<group>";
		};
		9146BA6E212A9FA50018F8AA /* request komunitas */ = {
			isa = PBXGroup;
			children = (
			);
			path = "request komunitas";
			sourceTree = "<group>";
		};
		9146BAAB212AA6D60018F8AA /* View */ = {
			isa = PBXGroup;
			children = (
				9146BAAC212AA6D60018F8AA /* LaunchScreen.storyboard */,
				9146BAAE212AA6D60018F8AA /* Main.storyboard */,
			);
			name = View;
			path = "../../../../Downloads/spareFood 2/sparefood/View";
			sourceTree = "<group>";
		};
/* End PBXGroup section */

/* Begin PBXNativeTarget section */
		9146BA272122DEEF0018F8AA /* MC3 */ = {
			isa = PBXNativeTarget;
			buildConfigurationList = 9146BA3A2122DEF40018F8AA /* Build configuration list for PBXNativeTarget "MC3" */;
			buildPhases = (
				9146BA242122DEEF0018F8AA /* Sources */,
				9146BA252122DEEF0018F8AA /* Frameworks */,
				9146BA262122DEEF0018F8AA /* Resources */,
			);
			buildRules = (
			);
			dependencies = (
			);
			name = MC3;
			productName = MC3;
			productReference = 9146BA282122DEEF0018F8AA /* MC3.app */;
			productType = "com.apple.product-type.application";
		};
/* End PBXNativeTarget section */

/* Begin PBXProject section */
		9146BA202122DEEF0018F8AA /* Project object */ = {
			isa = PBXProject;
			attributes = {
				LastSwiftUpdateCheck = 0940;
				LastUpgradeCheck = 0940;
				ORGANIZATIONNAME = OJONESU;
				TargetAttributes = {
					9146BA272122DEEF0018F8AA = {
						CreatedOnToolsVersion = 9.4.1;
					};
				};
			};
			buildConfigurationList = 9146BA232122DEEF0018F8AA /* Build configuration list for PBXProject "MC3" */;
			compatibilityVersion = "Xcode 9.3";
			developmentRegion = en;
			hasScannedForEncodings = 0;
			knownRegions = (
				en,
				Base,
			);
			mainGroup = 9146BA1F2122DEEF0018F8AA;
			productRefGroup = 9146BA292122DEEF0018F8AA /* Products */;
			projectDirPath = "";
			projectRoot = "";
			targets = (
				9146BA272122DEEF0018F8AA /* MC3 */,
			);
		};
/* End PBXProject section */

/* Begin PBXResourcesBuildPhase section */
		9146BA262122DEEF0018F8AA /* Resources */ = {
			isa = PBXResourcesBuildPhase;
			buildActionMask = 2147483647;
			files = (
				9146BAB1212AA6D60018F8AA /* Main.storyboard in Resources */,
				9146BAB0212AA6D60018F8AA /* LaunchScreen.storyboard in Resources */,
			);
			runOnlyForDeploymentPostprocessing = 0;
		};
/* End PBXResourcesBuildPhase section */

/* Begin PBXSourcesBuildPhase section */
		9146BA242122DEEF0018F8AA /* Sources */ = {
			isa = PBXSourcesBuildPhase;
			buildActionMask = 2147483647;
			files = (
				9146BA2E2122DEEF0018F8AA /* ViewController.swift in Sources */,
				9146BAB8212AA8F60018F8AA /* ChooseUser.swift in Sources */,
				9146BA2C2122DEEF0018F8AA /* AppDelegate.swift in Sources */,
			);
			runOnlyForDeploymentPostprocessing = 0;
		};
/* End PBXSourcesBuildPhase section */

/* Begin PBXVariantGroup section */
		9146BAAC212AA6D60018F8AA /* LaunchScreen.storyboard */ = {
			isa = PBXVariantGroup;
			children = (
				9146BAAD212AA6D60018F8AA /* Base */,
			);
			name = LaunchScreen.storyboard;
			sourceTree = "<group>";
		};
		9146BAAE212AA6D60018F8AA /* Main.storyboard */ = {
			isa = PBXVariantGroup;
			children = (
				9146BAAF212AA6D60018F8AA /* Base */,
			);
			name = Main.storyboard;
			sourceTree = "<group>";
		};
/* End PBXVariantGroup section */

/* Begin XCBuildConfiguration section */
		9146BA382122DEF40018F8AA /* Debug */ = {
			isa = XCBuildConfiguration;
			buildSettings = {
				ALWAYS_SEARCH_USER_PATHS = NO;
				CLANG_ANALYZER_NONNULL = YES;
				CLANG_ANALYZER_NUMBER_OBJECT_CONVERSION = YES_AGGRESSIVE;
				CLANG_CXX_LANGUAGE_STANDARD = "gnu++14";
				CLANG_CXX_LIBRARY = "libc++";
				CLANG_ENABLE_MODULES = YES;
				CLANG_ENABLE_OBJC_ARC = YES;
				CLANG_ENABLE_OBJC_WEAK = YES;
				CLANG_WARN_BLOCK_CAPTURE_AUTORELEASING = YES;
				CLANG_WARN_BOOL_CONVERSION = YES;
				CLANG_WARN_COMMA = YES;
				CLANG_WARN_CONSTANT_CONVERSION = YES;
				CLANG_WARN_DEPRECATED_OBJC_IMPLEMENTATIONS = YES;
				CLANG_WARN_DIRECT_OBJC_ISA_USAGE = YES_ERROR;
				CLANG_WARN_DOCUMENTATION_COMMENTS = YES;
				CLANG_WARN_EMPTY_BODY = YES;
				CLANG_WARN_ENUM_CONVERSION = YES;
				CLANG_WARN_INFINITE_RECURSION = YES;
				CLANG_WARN_INT_CONVERSION = YES;
				CLANG_WARN_NON_LITERAL_NULL_CONVERSION = YES;
				CLANG_WARN_OBJC_IMPLICIT_RETAIN_SELF = YES;
				CLANG_WARN_OBJC_LITERAL_CONVERSION = YES;
				CLANG_WARN_OBJC_ROOT_CLASS = YES_ERROR;
				CLANG_WARN_RANGE_LOOP_ANALYSIS = YES;
				CLANG_WARN_STRICT_PROTOTYPES = YES;
				CLANG_WARN_SUSPICIOUS_MOVE = YES;
				CLANG_WARN_UNGUARDED_AVAILABILITY = YES_AGGRESSIVE;
				CLANG_WARN_UNREACHABLE_CODE = YES;
				CLANG_WARN__DUPLICATE_METHOD_MATCH = YES;
				CODE_SIGN_IDENTITY = "iPhone Developer";
				COPY_PHASE_STRIP = NO;
				DEBUG_INFORMATION_FORMAT = dwarf;
				ENABLE_STRICT_OBJC_MSGSEND = YES;
				ENABLE_TESTABILITY = YES;
				GCC_C_LANGUAGE_STANDARD = gnu11;
				GCC_DYNAMIC_NO_PIC = NO;
				GCC_NO_COMMON_BLOCKS = YES;
				GCC_OPTIMIZATION_LEVEL = 0;
				GCC_PREPROCESSOR_DEFINITIONS = (
					"DEBUG=1",
					"$(inherited)",
				);
				GCC_WARN_64_TO_32_BIT_CONVERSION = YES;
				GCC_WARN_ABOUT_RETURN_TYPE = YES_ERROR;
				GCC_WARN_UNDECLARED_SELECTOR = YES;
				GCC_WARN_UNINITIALIZED_AUTOS = YES_AGGRESSIVE;
				GCC_WARN_UNUSED_FUNCTION = YES;
				GCC_WARN_UNUSED_VARIABLE = YES;
				IPHONEOS_DEPLOYMENT_TARGET = 11.4;
				MTL_ENABLE_DEBUG_INFO = YES;
				ONLY_ACTIVE_ARCH = YES;
				SDKROOT = iphoneos;
				SWIFT_ACTIVE_COMPILATION_CONDITIONS = DEBUG;
				SWIFT_OPTIMIZATION_LEVEL = "-Onone";
			};
			name = Debug;
		};
		9146BA392122DEF40018F8AA /* Release */ = {
			isa = XCBuildConfiguration;
			buildSettings = {
				ALWAYS_SEARCH_USER_PATHS = NO;
				CLANG_ANALYZER_NONNULL = YES;
				CLANG_ANALYZER_NUMBER_OBJECT_CONVERSION = YES_AGGRESSIVE;
				CLANG_CXX_LANGUAGE_STANDARD = "gnu++14";
				CLANG_CXX_LIBRARY = "libc++";
				CLANG_ENABLE_MODULES = YES;
				CLANG_ENABLE_OBJC_ARC = YES;
				CLANG_ENABLE_OBJC_WEAK = YES;
				CLANG_WARN_BLOCK_CAPTURE_AUTORELEASING = YES;
				CLANG_WARN_BOOL_CONVERSION = YES;
				CLANG_WARN_COMMA = YES;
				CLANG_WARN_CONSTANT_CONVERSION = YES;
				CLANG_WARN_DEPRECATED_OBJC_IMPLEMENTATIONS = YES;
				CLANG_WARN_DIRECT_OBJC_ISA_USAGE = YES_ERROR;
				CLANG_WARN_DOCUMENTATION_COMMENTS = YES;
				CLANG_WARN_EMPTY_BODY = YES;
				CLANG_WARN_ENUM_CONVERSION = YES;
				CLANG_WARN_INFINITE_RECURSION = YES;
				CLANG_WARN_INT_CONVERSION = YES;
				CLANG_WARN_NON_LITERAL_NULL_CONVERSION = YES;
				CLANG_WARN_OBJC_IMPLICIT_RETAIN_SELF = YES;
				CLANG_WARN_OBJC_LITERAL_CONVERSION = YES;
				CLANG_WARN_OBJC_ROOT_CLASS = YES_ERROR;
				CLANG_WARN_RANGE_LOOP_ANALYSIS = YES;
				CLANG_WARN_STRICT_PROTOTYPES = YES;
				CLANG_WARN_SUSPICIOUS_MOVE = YES;
				CLANG_WARN_UNGUARDED_AVAILABILITY = YES_AGGRESSIVE;
				CLANG_WARN_UNREACHABLE_CODE = YES;
				CLANG_WARN__DUPLICATE_METHOD_MATCH = YES;
				CODE_SIGN_IDENTITY = "iPhone Developer";
				COPY_PHASE_STRIP = NO;
				DEBUG_INFORMATION_FORMAT = "dwarf-with-dsym";
				ENABLE_NS_ASSERTIONS = NO;
				ENABLE_STRICT_OBJC_MSGSEND = YES;
				GCC_C_LANGUAGE_STANDARD = gnu11;
				GCC_NO_COMMON_BLOCKS = YES;
				GCC_WARN_64_TO_32_BIT_CONVERSION = YES;
				GCC_WARN_ABOUT_RETURN_TYPE = YES_ERROR;
				GCC_WARN_UNDECLARED_SELECTOR = YES;
				GCC_WARN_UNINITIALIZED_AUTOS = YES_AGGRESSIVE;
				GCC_WARN_UNUSED_FUNCTION = YES;
				GCC_WARN_UNUSED_VARIABLE = YES;
				IPHONEOS_DEPLOYMENT_TARGET = 11.4;
				MTL_ENABLE_DEBUG_INFO = NO;
				SDKROOT = iphoneos;
				SWIFT_COMPILATION_MODE = wholemodule;
				SWIFT_OPTIMIZATION_LEVEL = "-O";
				VALIDATE_PRODUCT = YES;
			};
			name = Release;
		};
		9146BA3B2122DEF40018F8AA /* Debug */ = {
			isa = XCBuildConfiguration;
			buildSettings = {
				ASSETCATALOG_COMPILER_APPICON_NAME = AppIcon;
				CODE_SIGN_STYLE = Automatic;
				DEVELOPMENT_TEAM = 3VFXVFJF8Z;
				INFOPLIST_FILE = MC3/Info.plist;
				LD_RUNPATH_SEARCH_PATHS = (
					"$(inherited)",
					"@executable_path/Frameworks",
				);
				PRODUCT_BUNDLE_IDENTIFIER = OJONESU.MC3;
				PRODUCT_NAME = "$(TARGET_NAME)";
				SWIFT_VERSION = 4.0;
				TARGETED_DEVICE_FAMILY = "1,2";
			};
			name = Debug;
		};
		9146BA3C2122DEF40018F8AA /* Release */ = {
			isa = XCBuildConfiguration;
			buildSettings = {
				ASSETCATALOG_COMPILER_APPICON_NAME = AppIcon;
				CODE_SIGN_STYLE = Automatic;
				DEVELOPMENT_TEAM = 3VFXVFJF8Z;
				INFOPLIST_FILE = MC3/Info.plist;
				LD_RUNPATH_SEARCH_PATHS = (
					"$(inherited)",
					"@executable_path/Frameworks",
				);
				PRODUCT_BUNDLE_IDENTIFIER = OJONESU.MC3;
				PRODUCT_NAME = "$(TARGET_NAME)";
				SWIFT_VERSION = 4.0;
				TARGETED_DEVICE_FAMILY = "1,2";
			};
			name = Release;
		};
/* End XCBuildConfiguration section */

/* Begin XCConfigurationList section */
		9146BA232122DEEF0018F8AA /* Build configuration list for PBXProject "MC3" */ = {
			isa = XCConfigurationList;
			buildConfigurations = (
				9146BA382122DEF40018F8AA /* Debug */,
				9146BA392122DEF40018F8AA /* Release */,
			);
			defaultConfigurationIsVisible = 0;
			defaultConfigurationName = Release;
		};
		9146BA3A2122DEF40018F8AA /* Build configuration list for PBXNativeTarget "MC3" */ = {
			isa = XCConfigurationList;
			buildConfigurations = (
				9146BA3B2122DEF40018F8AA /* Debug */,
				9146BA3C2122DEF40018F8AA /* Release */,
			);
			defaultConfigurationIsVisible = 0;
			defaultConfigurationName = Release;
		};
/* End XCConfigurationList section */
	};
	rootObject = 9146BA202122DEEF0018F8AA /* Project object */;
}
